
Microsoft Visual Studio Solution File, Format Version 12.00
# Visual Studio Version 17
VisualStudioVersion = 17.4.33213.308
MinimumVisualStudioVersion = 10.0.40219.1
Project("{FAE04EC0-301F-11D3-BF4B-00C04F79EFBC}") = "operation-research-q1-solution-ng", "operation-research-q1-solution-ng\operation-research-q1-solution-ng.csproj", "{5F551A9A-C507-4788-A7C1-D214BDD5F009}"
EndProject
Global
	GlobalSection(SolutionConfigurationPlatforms) = preSolution
		Debug|Any CPU = Debug|Any CPU
		Release|Any CPU = Release|Any CPU
	EndGlobalSection
	GlobalSection(ProjectConfigurationPlatforms) = postSolution
		{5F551A9A-C507-4788-A7C1-D214BDD5F009}.Debug|Any CPU.ActiveCfg = Debug|Any CPU
		{5F551A9A-C507-4788-A7C1-D214BDD5F009}.Debug|Any CPU.Build.0 = Debug|Any CPU
		{5F551A9A-C507-4788-A7C1-D214BDD5F009}.Release|Any CPU.ActiveCfg = Release|Any CPU
		{5F551A9A-C507-4788-A7C1-D214BDD5F009}.Release|Any CPU.Build.0 = Release|Any CPU
	EndGlobalSection
	GlobalSection(SolutionProperties) = preSolution
		HideSolutionNode = FALSE
	EndGlobalSection
	GlobalSection(ExtensibilityGlobals) = postSolution
		SolutionGuid = {A59EE3C6-AA84-47F2-A4CE-659EE6B77146}
	EndGlobalSection
EndGlobal
